
Microsoft Visual Studio Solution File, Format Version 12.00
# Visual Studio Version 17
VisualStudioVersion = 17.6.33829.357
MinimumVisualStudioVersion = 10.0.40219.1
Project("{9A19103F-16F7-4668-BE54-9A1E7A4F7556}") = "PolicyEnforcer.Service", "PolicyEnforcer.Service\PolicyEnforcer.Service.csproj", "{9FB7283B-3751-4DD6-9A83-B8C3E98D00C3}"
EndProject
Project("{9A19103F-16F7-4668-BE54-9A1E7A4F7556}") = "PolicyEnforcer.ServerCore", "PolicyEnforcer.ServerCore\PolicyEnforcer.ServerCore.csproj", "{81DFDACE-92C0-4677-88D5-EFED5423D5E6}"
EndProject
Project("{9A19103F-16F7-4668-BE54-9A1E7A4F7556}") = "PolicyEnforcer.Interfaces", "PolicyEnforcer.Interfaces\PolicyEnforcer.Interfaces.csproj", "{FEECF493-F225-42D6-AAFA-702A0AEFF586}"
EndProject
Global
	GlobalSection(SolutionConfigurationPlatforms) = preSolution
		Debug|Any CPU = Debug|Any CPU
		Release|Any CPU = Release|Any CPU
	EndGlobalSection
	GlobalSection(ProjectConfigurationPlatforms) = postSolution
		{9FB7283B-3751-4DD6-9A83-B8C3E98D00C3}.Debug|Any CPU.ActiveCfg = Debug|Any CPU
		{9FB7283B-3751-4DD6-9A83-B8C3E98D00C3}.Debug|Any CPU.Build.0 = Debug|Any CPU
		{9FB7283B-3751-4DD6-9A83-B8C3E98D00C3}.Release|Any CPU.ActiveCfg = Release|Any CPU
		{9FB7283B-3751-4DD6-9A83-B8C3E98D00C3}.Release|Any CPU.Build.0 = Release|Any CPU
		{81DFDACE-92C0-4677-88D5-EFED5423D5E6}.Debug|Any CPU.ActiveCfg = Debug|Any CPU
		{81DFDACE-92C0-4677-88D5-EFED5423D5E6}.Debug|Any CPU.Build.0 = Debug|Any CPU
		{81DFDACE-92C0-4677-88D5-EFED5423D5E6}.Release|Any CPU.ActiveCfg = Release|Any CPU
		{81DFDACE-92C0-4677-88D5-EFED5423D5E6}.Release|Any CPU.Build.0 = Release|Any CPU
		{FEECF493-F225-42D6-AAFA-702A0AEFF586}.Debug|Any CPU.ActiveCfg = Debug|Any CPU
		{FEECF493-F225-42D6-AAFA-702A0AEFF586}.Debug|Any CPU.Build.0 = Debug|Any CPU
		{FEECF493-F225-42D6-AAFA-702A0AEFF586}.Release|Any CPU.ActiveCfg = Release|Any CPU
		{FEECF493-F225-42D6-AAFA-702A0AEFF586}.Release|Any CPU.Build.0 = Release|Any CPU
	EndGlobalSection
	GlobalSection(SolutionProperties) = preSolution
		HideSolutionNode = FALSE
	EndGlobalSection
	GlobalSection(ExtensibilityGlobals) = postSolution
		SolutionGuid = {2496CD8A-19EA-4AEB-93DE-9276B4EC1920}
	EndGlobalSection
EndGlobal
